
Microsoft Visual Studio Solution File, Format Version 12.00
# Visual Studio Version 17
VisualStudioVersion = 17.13.35931.197 d17.13
MinimumVisualStudioVersion = 10.0.40219.1
Project("{54A90642-561A-4BB1-A94E-469ADEE60C69}") = "lernreflexionstool.client", "lernreflexionstool.client\lernreflexionstool.client.esproj", "{ED26D50B-CD79-7BB8-EBA7-50A364CD8522}"
EndProject
Project("{FAE04EC0-301F-11D3-BF4B-00C04F79EFBC}") = "Lernreflexionstool.Server", "Lernreflexionstool.Server\Lernreflexionstool.Server.csproj", "{5359BC18-566B-4A8C-929A-F4AB72CD705B}"
EndProject
Global
	GlobalSection(SolutionConfigurationPlatforms) = preSolution
		Debug|Any CPU = Debug|Any CPU
		Release|Any CPU = Release|Any CPU
	EndGlobalSection
	GlobalSection(ProjectConfigurationPlatforms) = postSolution
		{ED26D50B-CD79-7BB8-EBA7-50A364CD8522}.Debug|Any CPU.ActiveCfg = Debug|Any CPU
		{ED26D50B-CD79-7BB8-EBA7-50A364CD8522}.Debug|Any CPU.Build.0 = Debug|Any CPU
		{ED26D50B-CD79-7BB8-EBA7-50A364CD8522}.Debug|Any CPU.Deploy.0 = Debug|Any CPU
		{ED26D50B-CD79-7BB8-EBA7-50A364CD8522}.Release|Any CPU.ActiveCfg = Release|Any CPU
		{ED26D50B-CD79-7BB8-EBA7-50A364CD8522}.Release|Any CPU.Build.0 = Release|Any CPU
		{ED26D50B-CD79-7BB8-EBA7-50A364CD8522}.Release|Any CPU.Deploy.0 = Release|Any CPU
		{5359BC18-566B-4A8C-929A-F4AB72CD705B}.Debug|Any CPU.ActiveCfg = Debug|Any CPU
		{5359BC18-566B-4A8C-929A-F4AB72CD705B}.Debug|Any CPU.Build.0 = Debug|Any CPU
		{5359BC18-566B-4A8C-929A-F4AB72CD705B}.Release|Any CPU.ActiveCfg = Release|Any CPU
		{5359BC18-566B-4A8C-929A-F4AB72CD705B}.Release|Any CPU.Build.0 = Release|Any CPU
	EndGlobalSection
	GlobalSection(SolutionProperties) = preSolution
		HideSolutionNode = FALSE
	EndGlobalSection
	GlobalSection(ExtensibilityGlobals) = postSolution
		SolutionGuid = {576DA93C-9D3C-4C33-BD67-059A971E6C86}
	EndGlobalSection
EndGlobal
